// !$*UTF8*$!
{
	archiveVersion = 1;
	classes = {
	};
	objectVersion = 48;
	objects = {

/* Begin PBXBuildFile section */
		08FEA3EA5BD7B7C3F6B584F0 /* libPods-VK-ObjC-project-BMV.a in Frameworks */ = {isa = PBXBuildFile; fileRef = E68FE70C2D69263F7CC1F380 /* libPods-VK-ObjC-project-BMV.a */; };
		2ACD4FA9DDF52E1C77C26E49 /* libPods-VK-ObjC-project-BMVUITests.a in Frameworks */ = {isa = PBXBuildFile; fileRef = 56D70E2D42C8F3635EA5A436 /* libPods-VK-ObjC-project-BMVUITests.a */; };
		39974258A5CECAB952D2B2E5 /* libPods-VK-ObjC-project-BMVTests.a in Frameworks */ = {isa = PBXBuildFile; fileRef = AAA2506277F2A76BCBF7884A /* libPods-VK-ObjC-project-BMVTests.a */; };
		500ACEB3201E636400EFE52F /* BMVvkPhotosCollectionViewCell.m in Sources */ = {isa = PBXBuildFile; fileRef = 500ACEB2201E636400EFE52F /* BMVvkPhotosCollectionViewCell.m */; };
		500ACEB6201E69CC00EFE52F /* BMVvkAllFriendPhotoCollectionView.m in Sources */ = {isa = PBXBuildFile; fileRef = 500ACEB5201E69CC00EFE52F /* BMVvkAllFriendPhotoCollectionView.m */; };
		5039956C200BF255009E0161 /* BMVVkUserModel.m in Sources */ = {isa = PBXBuildFile; fileRef = 5039956B200BF255009E0161 /* BMVVkUserModel.m */; };
		505A1051200CC83000B8C17D /* VKFriendsTableViewCell.m in Sources */ = {isa = PBXBuildFile; fileRef = 505A1050200CC83000B8C17D /* VKFriendsTableViewCell.m */; };
		50648A69201CFD1F007EB756 /* BMVVkPhotoModel.m in Sources */ = {isa = PBXBuildFile; fileRef = 50648A68201CFD1F007EB756 /* BMVVkPhotoModel.m */; };
		5082C823202858BF00474F0F /* BMVCoreDataService.m in Sources */ = {isa = PBXBuildFile; fileRef = 5082C822202858BF00474F0F /* BMVCoreDataService.m */; };
		5082C8282028746700474F0F /* VKFriend+CoreDataProperties.m in Sources */ = {isa = PBXBuildFile; fileRef = 5082C8262028746700474F0F /* VKFriend+CoreDataProperties.m */; };
		5082C8292028746700474F0F /* VKFriend+CoreDataClass.m in Sources */ = {isa = PBXBuildFile; fileRef = 5082C8272028746700474F0F /* VKFriend+CoreDataClass.m */; };
		50A72BB320073CCE002B6F1E /* AppDelegate.m in Sources */ = {isa = PBXBuildFile; fileRef = 50A72BB220073CCE002B6F1E /* AppDelegate.m */; };
		50A72BBC20073CCE002B6F1E /* VK_ObjC_project_BMV.xcdatamodeld in Sources */ = {isa = PBXBuildFile; fileRef = 50A72BBA20073CCE002B6F1E /* VK_ObjC_project_BMV.xcdatamodeld */; };
		50A72BBE20073CCE002B6F1E /* Assets.xcassets in Resources */ = {isa = PBXBuildFile; fileRef = 50A72BBD20073CCE002B6F1E /* Assets.xcassets */; };
		50A72BC420073CCE002B6F1E /* main.m in Sources */ = {isa = PBXBuildFile; fileRef = 50A72BC320073CCE002B6F1E /* main.m */; };
		50A72BCE20073CCE002B6F1E /* VK_ObjC_project_BMVTests.m in Sources */ = {isa = PBXBuildFile; fileRef = 50A72BCD20073CCE002B6F1E /* VK_ObjC_project_BMVTests.m */; };
		50A72BD920073CCE002B6F1E /* VK_ObjC_project_BMVUITests.m in Sources */ = {isa = PBXBuildFile; fileRef = 50A72BD820073CCE002B6F1E /* VK_ObjC_project_BMVUITests.m */; };
		50A72BE72007688F002B6F1E /* Default-568h@2x.png in Resources */ = {isa = PBXBuildFile; fileRef = 50A72BE62007688F002B6F1E /* Default-568h@2x.png */; };
		50A72BEB20078325002B6F1E /* VKLoginViewController.m in Sources */ = {isa = PBXBuildFile; fileRef = 50A72BEA20078325002B6F1E /* VKLoginViewController.m */; };
		50A72BEF200783DF002B6F1E /* BMVVkTokenModel.m in Sources */ = {isa = PBXBuildFile; fileRef = 50A72BEE200783DF002B6F1E /* BMVVkTokenModel.m */; };
		50A72BF22007978D002B6F1E /* VKFriendsViewController.m in Sources */ = {isa = PBXBuildFile; fileRef = 50A72BF12007978D002B6F1E /* VKFriendsViewController.m */; };
		50B3FF9C20266883005DE6E8 /* BMVDownloadDataService.m in Sources */ = {isa = PBXBuildFile; fileRef = 50B3FF9B20266883005DE6E8 /* BMVDownloadDataService.m */; };
		50B3FF9F20266A9F005DE6E8 /* BMVBuilderURLFriend.m in Sources */ = {isa = PBXBuildFile; fileRef = 50B3FF9E20266A9F005DE6E8 /* BMVBuilderURLFriend.m */; };
		50B3FFA220266E24005DE6E8 /* BMVBuilderURLPhotos.m in Sources */ = {isa = PBXBuildFile; fileRef = 50B3FFA120266E24005DE6E8 /* BMVBuilderURLPhotos.m */; };
		50B3FFA5202675FE005DE6E8 /* BMVParsingJSONFriends.m in Sources */ = {isa = PBXBuildFile; fileRef = 50B3FFA4202675FE005DE6E8 /* BMVParsingJSONFriends.m */; };
		50B3FFA820267A00005DE6E8 /* BMVParsingJSONPhotots.m in Sources */ = {isa = PBXBuildFile; fileRef = 50B3FFA720267A00005DE6E8 /* BMVParsingJSONPhotots.m */; };
		50BB5F55202C83C400AD2585 /* BMVParsingTokenString.m in Sources */ = {isa = PBXBuildFile; fileRef = 50BB5F54202C83C400AD2585 /* BMVParsingTokenString.m */; };
		50C4A19C20288AB4008A932E /* BMVCoreDataDownloadFunnel.m in Sources */ = {isa = PBXBuildFile; fileRef = 50C4A19B20288AB4008A932E /* BMVCoreDataDownloadFunnel.m */; };
/* End PBXBuildFile section */

/* Begin PBXContainerItemProxy section */
		50A72BCA20073CCE002B6F1E /* PBXContainerItemProxy */ = {
			isa = PBXContainerItemProxy;
			containerPortal = 50A72BA620073CCE002B6F1E /* Project object */;
			proxyType = 1;
			remoteGlobalIDString = 50A72BAD20073CCE002B6F1E;
			remoteInfo = "VK-ObjC-project-BMV";
		};
		50A72BD520073CCE002B6F1E /* PBXContainerItemProxy */ = {
			isa = PBXContainerItemProxy;
			containerPortal = 50A72BA620073CCE002B6F1E /* Project object */;
			proxyType = 1;
			remoteGlobalIDString = 50A72BAD20073CCE002B6F1E;
			remoteInfo = "VK-ObjC-project-BMV";
		};
/* End PBXContainerItemProxy section */

/* Begin PBXFileReference section */
		0CD0AE4339994DE6BC5C02CF /* Pods-VK-ObjC-project-BMVTests.debug.xcconfig */ = {isa = PBXFileReference; includeInIndex = 1; lastKnownFileType = text.xcconfig; name = "Pods-VK-ObjC-project-BMVTests.debug.xcconfig"; path = "Pods/Target Support Files/Pods-VK-ObjC-project-BMVTests/Pods-VK-ObjC-project-BMVTests.debug.xcconfig"; sourceTree = "<group>"; };
		1BA96DC773E13431F1F72E5D /* Pods-VK-ObjC-project-BMV.debug.xcconfig */ = {isa = PBXFileReference; includeInIndex = 1; lastKnownFileType = text.xcconfig; name = "Pods-VK-ObjC-project-BMV.debug.xcconfig"; path = "Pods/Target Support Files/Pods-VK-ObjC-project-BMV/Pods-VK-ObjC-project-BMV.debug.xcconfig"; sourceTree = "<group>"; };
		1EB4D31884EC63379AEAA03D /* Pods-VK-ObjC-project-BMVTests.release.xcconfig */ = {isa = PBXFileReference; includeInIndex = 1; lastKnownFileType = text.xcconfig; name = "Pods-VK-ObjC-project-BMVTests.release.xcconfig"; path = "Pods/Target Support Files/Pods-VK-ObjC-project-BMVTests/Pods-VK-ObjC-project-BMVTests.release.xcconfig"; sourceTree = "<group>"; };
		4F68DC8F40008E37B7EDD085 /* Pods-VK-ObjC-project-BMV.release.xcconfig */ = {isa = PBXFileReference; includeInIndex = 1; lastKnownFileType = text.xcconfig; name = "Pods-VK-ObjC-project-BMV.release.xcconfig"; path = "Pods/Target Support Files/Pods-VK-ObjC-project-BMV/Pods-VK-ObjC-project-BMV.release.xcconfig"; sourceTree = "<group>"; };
		500ACEB1201E636400EFE52F /* BMVvkPhotosCollectionViewCell.h */ = {isa = PBXFileReference; lastKnownFileType = sourcecode.c.h; path = BMVvkPhotosCollectionViewCell.h; sourceTree = "<group>"; };
		500ACEB2201E636400EFE52F /* BMVvkPhotosCollectionViewCell.m */ = {isa = PBXFileReference; lastKnownFileType = sourcecode.c.objc; path = BMVvkPhotosCollectionViewCell.m; sourceTree = "<group>"; };
		500ACEB4201E69CC00EFE52F /* BMVvkAllFriendPhotoCollectionView.h */ = {isa = PBXFileReference; lastKnownFileType = sourcecode.c.h; path = BMVvkAllFriendPhotoCollectionView.h; sourceTree = "<group>"; };
		500ACEB5201E69CC00EFE52F /* BMVvkAllFriendPhotoCollectionView.m */ = {isa = PBXFileReference; lastKnownFileType = sourcecode.c.objc; path = BMVvkAllFriendPhotoCollectionView.m; sourceTree = "<group>"; };
		5039956A200BF255009E0161 /* BMVVkUserModel.h */ = {isa = PBXFileReference; lastKnownFileType = sourcecode.c.h; path = BMVVkUserModel.h; sourceTree = "<group>"; };
		5039956B200BF255009E0161 /* BMVVkUserModel.m */ = {isa = PBXFileReference; lastKnownFileType = sourcecode.c.objc; path = BMVVkUserModel.m; sourceTree = "<group>"; };
		505A104F200CC83000B8C17D /* VKFriendsTableViewCell.h */ = {isa = PBXFileReference; lastKnownFileType = sourcecode.c.h; path = VKFriendsTableViewCell.h; sourceTree = "<group>"; };
		505A1050200CC83000B8C17D /* VKFriendsTableViewCell.m */ = {isa = PBXFileReference; lastKnownFileType = sourcecode.c.objc; path = VKFriendsTableViewCell.m; sourceTree = "<group>"; };
		50648A67201CFD1F007EB756 /* BMVVkPhotoModel.h */ = {isa = PBXFileReference; lastKnownFileType = sourcecode.c.h; path = BMVVkPhotoModel.h; sourceTree = "<group>"; };
		50648A68201CFD1F007EB756 /* BMVVkPhotoModel.m */ = {isa = PBXFileReference; lastKnownFileType = sourcecode.c.objc; path = BMVVkPhotoModel.m; sourceTree = "<group>"; };
		5082C821202858BF00474F0F /* BMVCoreDataService.h */ = {isa = PBXFileReference; lastKnownFileType = sourcecode.c.h; path = BMVCoreDataService.h; sourceTree = "<group>"; };
		5082C822202858BF00474F0F /* BMVCoreDataService.m */ = {isa = PBXFileReference; lastKnownFileType = sourcecode.c.objc; path = BMVCoreDataService.m; sourceTree = "<group>"; };
		5082C8242028746600474F0F /* VKFriend+CoreDataProperties.h */ = {isa = PBXFileReference; fileEncoding = 4; lastKnownFileType = sourcecode.c.h; path = "VKFriend+CoreDataProperties.h"; sourceTree = "<group>"; };
		5082C8252028746600474F0F /* VKFriend+CoreDataClass.h */ = {isa = PBXFileReference; fileEncoding = 4; lastKnownFileType = sourcecode.c.h; path = "VKFriend+CoreDataClass.h"; sourceTree = "<group>"; };
		5082C8262028746700474F0F /* VKFriend+CoreDataProperties.m */ = {isa = PBXFileReference; fileEncoding = 4; lastKnownFileType = sourcecode.c.objc; path = "VKFriend+CoreDataProperties.m"; sourceTree = "<group>"; };
		5082C8272028746700474F0F /* VKFriend+CoreDataClass.m */ = {isa = PBXFileReference; fileEncoding = 4; lastKnownFileType = sourcecode.c.objc; path = "VKFriend+CoreDataClass.m"; sourceTree = "<group>"; };
		50A72BAE20073CCE002B6F1E /* VK-ObjC-project-BMV.app */ = {isa = PBXFileReference; explicitFileType = wrapper.application; includeInIndex = 0; path = "VK-ObjC-project-BMV.app"; sourceTree = BUILT_PRODUCTS_DIR; };
		50A72BB120073CCE002B6F1E /* AppDelegate.h */ = {isa = PBXFileReference; lastKnownFileType = sourcecode.c.h; path = AppDelegate.h; sourceTree = "<group>"; };
		50A72BB220073CCE002B6F1E /* AppDelegate.m */ = {isa = PBXFileReference; lastKnownFileType = sourcecode.c.objc; path = AppDelegate.m; sourceTree = "<group>"; };
		50A72BBB20073CCE002B6F1E /* VK_ObjC_project_BMV.xcdatamodel */ = {isa = PBXFileReference; lastKnownFileType = wrapper.xcdatamodel; path = VK_ObjC_project_BMV.xcdatamodel; sourceTree = "<group>"; };
		50A72BBD20073CCE002B6F1E /* Assets.xcassets */ = {isa = PBXFileReference; lastKnownFileType = folder.assetcatalog; path = Assets.xcassets; sourceTree = "<group>"; };
		50A72BC220073CCE002B6F1E /* Info.plist */ = {isa = PBXFileReference; lastKnownFileType = text.plist.xml; path = Info.plist; sourceTree = "<group>"; };
		50A72BC320073CCE002B6F1E /* main.m */ = {isa = PBXFileReference; lastKnownFileType = sourcecode.c.objc; path = main.m; sourceTree = "<group>"; };
		50A72BC920073CCE002B6F1E /* VK-ObjC-project-BMVTests.xctest */ = {isa = PBXFileReference; explicitFileType = wrapper.cfbundle; includeInIndex = 0; path = "VK-ObjC-project-BMVTests.xctest"; sourceTree = BUILT_PRODUCTS_DIR; };
		50A72BCD20073CCE002B6F1E /* VK_ObjC_project_BMVTests.m */ = {isa = PBXFileReference; lastKnownFileType = sourcecode.c.objc; path = VK_ObjC_project_BMVTests.m; sourceTree = "<group>"; };
		50A72BCF20073CCE002B6F1E /* Info.plist */ = {isa = PBXFileReference; lastKnownFileType = text.plist.xml; path = Info.plist; sourceTree = "<group>"; };
		50A72BD420073CCE002B6F1E /* VK-ObjC-project-BMVUITests.xctest */ = {isa = PBXFileReference; explicitFileType = wrapper.cfbundle; includeInIndex = 0; path = "VK-ObjC-project-BMVUITests.xctest"; sourceTree = BUILT_PRODUCTS_DIR; };
		50A72BD820073CCE002B6F1E /* VK_ObjC_project_BMVUITests.m */ = {isa = PBXFileReference; lastKnownFileType = sourcecode.c.objc; path = VK_ObjC_project_BMVUITests.m; sourceTree = "<group>"; };
		50A72BDA20073CCE002B6F1E /* Info.plist */ = {isa = PBXFileReference; lastKnownFileType = text.plist.xml; path = Info.plist; sourceTree = "<group>"; };
		50A72BE62007688F002B6F1E /* Default-568h@2x.png */ = {isa = PBXFileReference; lastKnownFileType = image.png; path = "Default-568h@2x.png"; sourceTree = "<group>"; };
		50A72BE920078325002B6F1E /* VKLoginViewController.h */ = {isa = PBXFileReference; lastKnownFileType = sourcecode.c.h; path = VKLoginViewController.h; sourceTree = "<group>"; };
		50A72BEA20078325002B6F1E /* VKLoginViewController.m */ = {isa = PBXFileReference; lastKnownFileType = sourcecode.c.objc; path = VKLoginViewController.m; sourceTree = "<group>"; };
		50A72BED200783DF002B6F1E /* BMVVkTokenModel.h */ = {isa = PBXFileReference; lastKnownFileType = sourcecode.c.h; path = BMVVkTokenModel.h; sourceTree = "<group>"; };
		50A72BEE200783DF002B6F1E /* BMVVkTokenModel.m */ = {isa = PBXFileReference; lastKnownFileType = sourcecode.c.objc; path = BMVVkTokenModel.m; sourceTree = "<group>"; };
		50A72BF02007978D002B6F1E /* VKFriendsViewController.h */ = {isa = PBXFileReference; lastKnownFileType = sourcecode.c.h; path = VKFriendsViewController.h; sourceTree = "<group>"; };
		50A72BF12007978D002B6F1E /* VKFriendsViewController.m */ = {isa = PBXFileReference; lastKnownFileType = sourcecode.c.objc; path = VKFriendsViewController.m; sourceTree = "<group>"; };
		50B3FF9A20266883005DE6E8 /* BMVDownloadDataService.h */ = {isa = PBXFileReference; lastKnownFileType = sourcecode.c.h; path = BMVDownloadDataService.h; sourceTree = "<group>"; };
		50B3FF9B20266883005DE6E8 /* BMVDownloadDataService.m */ = {isa = PBXFileReference; lastKnownFileType = sourcecode.c.objc; path = BMVDownloadDataService.m; sourceTree = "<group>"; };
		50B3FF9D20266A9F005DE6E8 /* BMVBuilderURLFriend.h */ = {isa = PBXFileReference; lastKnownFileType = sourcecode.c.h; path = BMVBuilderURLFriend.h; sourceTree = "<group>"; };
		50B3FF9E20266A9F005DE6E8 /* BMVBuilderURLFriend.m */ = {isa = PBXFileReference; lastKnownFileType = sourcecode.c.objc; path = BMVBuilderURLFriend.m; sourceTree = "<group>"; };
		50B3FFA020266E24005DE6E8 /* BMVBuilderURLPhotos.h */ = {isa = PBXFileReference; lastKnownFileType = sourcecode.c.h; path = BMVBuilderURLPhotos.h; sourceTree = "<group>"; };
		50B3FFA120266E24005DE6E8 /* BMVBuilderURLPhotos.m */ = {isa = PBXFileReference; lastKnownFileType = sourcecode.c.objc; path = BMVBuilderURLPhotos.m; sourceTree = "<group>"; };
		50B3FFA3202675FE005DE6E8 /* BMVParsingJSONFriends.h */ = {isa = PBXFileReference; lastKnownFileType = sourcecode.c.h; path = BMVParsingJSONFriends.h; sourceTree = "<group>"; };
		50B3FFA4202675FE005DE6E8 /* BMVParsingJSONFriends.m */ = {isa = PBXFileReference; lastKnownFileType = sourcecode.c.objc; path = BMVParsingJSONFriends.m; sourceTree = "<group>"; };
		50B3FFA620267A00005DE6E8 /* BMVParsingJSONPhotots.h */ = {isa = PBXFileReference; lastKnownFileType = sourcecode.c.h; path = BMVParsingJSONPhotots.h; sourceTree = "<group>"; };
		50B3FFA720267A00005DE6E8 /* BMVParsingJSONPhotots.m */ = {isa = PBXFileReference; lastKnownFileType = sourcecode.c.objc; path = BMVParsingJSONPhotots.m; sourceTree = "<group>"; };
		50BB5F53202C83C400AD2585 /* BMVParsingTokenString.h */ = {isa = PBXFileReference; lastKnownFileType = sourcecode.c.h; path = BMVParsingTokenString.h; sourceTree = "<group>"; };
		50BB5F54202C83C400AD2585 /* BMVParsingTokenString.m */ = {isa = PBXFileReference; lastKnownFileType = sourcecode.c.objc; path = BMVParsingTokenString.m; sourceTree = "<group>"; };
		50C4A19A20288AB4008A932E /* BMVCoreDataDownloadFunnel.h */ = {isa = PBXFileReference; lastKnownFileType = sourcecode.c.h; path = BMVCoreDataDownloadFunnel.h; sourceTree = "<group>"; };
		50C4A19B20288AB4008A932E /* BMVCoreDataDownloadFunnel.m */ = {isa = PBXFileReference; lastKnownFileType = sourcecode.c.objc; path = BMVCoreDataDownloadFunnel.m; sourceTree = "<group>"; };
		56D70E2D42C8F3635EA5A436 /* libPods-VK-ObjC-project-BMVUITests.a */ = {isa = PBXFileReference; explicitFileType = archive.ar; includeInIndex = 0; path = "libPods-VK-ObjC-project-BMVUITests.a"; sourceTree = BUILT_PRODUCTS_DIR; };
		87A84E38A27F92B82EE7F444 /* Pods-VK-ObjC-project-BMVUITests.debug.xcconfig */ = {isa = PBXFileReference; includeInIndex = 1; lastKnownFileType = text.xcconfig; name = "Pods-VK-ObjC-project-BMVUITests.debug.xcconfig"; path = "Pods/Target Support Files/Pods-VK-ObjC-project-BMVUITests/Pods-VK-ObjC-project-BMVUITests.debug.xcconfig"; sourceTree = "<group>"; };
		AAA2506277F2A76BCBF7884A /* libPods-VK-ObjC-project-BMVTests.a */ = {isa = PBXFileReference; explicitFileType = archive.ar; includeInIndex = 0; path = "libPods-VK-ObjC-project-BMVTests.a"; sourceTree = BUILT_PRODUCTS_DIR; };
		E68FE70C2D69263F7CC1F380 /* libPods-VK-ObjC-project-BMV.a */ = {isa = PBXFileReference; explicitFileType = archive.ar; includeInIndex = 0; path = "libPods-VK-ObjC-project-BMV.a"; sourceTree = BUILT_PRODUCTS_DIR; };
		E7E859FA7066EE4248B0821F /* Pods-VK-ObjC-project-BMVUITests.release.xcconfig */ = {isa = PBXFileReference; includeInIndex = 1; lastKnownFileType = text.xcconfig; name = "Pods-VK-ObjC-project-BMVUITests.release.xcconfig"; path = "Pods/Target Support Files/Pods-VK-ObjC-project-BMVUITests/Pods-VK-ObjC-project-BMVUITests.release.xcconfig"; sourceTree = "<group>"; };
/* End PBXFileReference section */

/* Begin PBXFrameworksBuildPhase section */
		50A72BAB20073CCE002B6F1E /* Frameworks */ = {
			isa = PBXFrameworksBuildPhase;
			buildActionMask = 2147483647;
			files = (
				08FEA3EA5BD7B7C3F6B584F0 /* libPods-VK-ObjC-project-BMV.a in Frameworks */,
			);
			runOnlyForDeploymentPostprocessing = 0;
		};
		50A72BC620073CCE002B6F1E /* Frameworks */ = {
			isa = PBXFrameworksBuildPhase;
			buildActionMask = 2147483647;
			files = (
				39974258A5CECAB952D2B2E5 /* libPods-VK-ObjC-project-BMVTests.a in Frameworks */,
			);
			runOnlyForDeploymentPostprocessing = 0;
		};
		50A72BD120073CCE002B6F1E /* Frameworks */ = {
			isa = PBXFrameworksBuildPhase;
			buildActionMask = 2147483647;
			files = (
				2ACD4FA9DDF52E1C77C26E49 /* libPods-VK-ObjC-project-BMVUITests.a in Frameworks */,
			);
			runOnlyForDeploymentPostprocessing = 0;
		};
/* End PBXFrameworksBuildPhase section */

/* Begin PBXGroup section */
		3B1811F9C5CD5867D3ECB471 /* Pods */ = {
			isa = PBXGroup;
			children = (
				1BA96DC773E13431F1F72E5D /* Pods-VK-ObjC-project-BMV.debug.xcconfig */,
				4F68DC8F40008E37B7EDD085 /* Pods-VK-ObjC-project-BMV.release.xcconfig */,
				0CD0AE4339994DE6BC5C02CF /* Pods-VK-ObjC-project-BMVTests.debug.xcconfig */,
				1EB4D31884EC63379AEAA03D /* Pods-VK-ObjC-project-BMVTests.release.xcconfig */,
				87A84E38A27F92B82EE7F444 /* Pods-VK-ObjC-project-BMVUITests.debug.xcconfig */,
				E7E859FA7066EE4248B0821F /* Pods-VK-ObjC-project-BMVUITests.release.xcconfig */,
			);
			name = Pods;
			sourceTree = "<group>";
		};
		504828522017792F00A09786 /* CoreData */ = {
			isa = PBXGroup;
			children = (
				5082C8252028746600474F0F /* VKFriend+CoreDataClass.h */,
				5082C8272028746700474F0F /* VKFriend+CoreDataClass.m */,
				5082C8242028746600474F0F /* VKFriend+CoreDataProperties.h */,
				5082C8262028746700474F0F /* VKFriend+CoreDataProperties.m */,
			);
			path = CoreData;
			sourceTree = "<group>";
		};
		506AB829202467EB0025E610 /* FriendsController */ = {
			isa = PBXGroup;
			children = (
				50A72BF02007978D002B6F1E /* VKFriendsViewController.h */,
				50A72BF12007978D002B6F1E /* VKFriendsViewController.m */,
				505A104F200CC83000B8C17D /* VKFriendsTableViewCell.h */,
				505A1050200CC83000B8C17D /* VKFriendsTableViewCell.m */,
				50B3FFA3202675FE005DE6E8 /* BMVParsingJSONFriends.h */,
				50B3FFA4202675FE005DE6E8 /* BMVParsingJSONFriends.m */,
				50B3FF9D20266A9F005DE6E8 /* BMVBuilderURLFriend.h */,
				50B3FF9E20266A9F005DE6E8 /* BMVBuilderURLFriend.m */,
				5039956A200BF255009E0161 /* BMVVkUserModel.h */,
				5039956B200BF255009E0161 /* BMVVkUserModel.m */,
			);
			path = FriendsController;
			sourceTree = "<group>";
		};
		506AB82B2024682E0025E610 /* PhotosController */ = {
			isa = PBXGroup;
			children = (
				500ACEB4201E69CC00EFE52F /* BMVvkAllFriendPhotoCollectionView.h */,
				500ACEB5201E69CC00EFE52F /* BMVvkAllFriendPhotoCollectionView.m */,
				500ACEB1201E636400EFE52F /* BMVvkPhotosCollectionViewCell.h */,
				500ACEB2201E636400EFE52F /* BMVvkPhotosCollectionViewCell.m */,
				50B3FFA620267A00005DE6E8 /* BMVParsingJSONPhotots.h */,
				50B3FFA720267A00005DE6E8 /* BMVParsingJSONPhotots.m */,
				50B3FFA020266E24005DE6E8 /* BMVBuilderURLPhotos.h */,
				50B3FFA120266E24005DE6E8 /* BMVBuilderURLPhotos.m */,
				50648A67201CFD1F007EB756 /* BMVVkPhotoModel.h */,
				50648A68201CFD1F007EB756 /* BMVVkPhotoModel.m */,
			);
			path = PhotosController;
			sourceTree = "<group>";
		};
		506AB82C20247B7A0025E610 /* Services */ = {
			isa = PBXGroup;
			children = (
				50B3FF9A20266883005DE6E8 /* BMVDownloadDataService.h */,
				50B3FF9B20266883005DE6E8 /* BMVDownloadDataService.m */,
				5082C821202858BF00474F0F /* BMVCoreDataService.h */,
				5082C822202858BF00474F0F /* BMVCoreDataService.m */,
				50C4A19A20288AB4008A932E /* BMVCoreDataDownloadFunnel.h */,
				50C4A19B20288AB4008A932E /* BMVCoreDataDownloadFunnel.m */,
			);
			path = Services;
			sourceTree = "<group>";
		};
		50A72BA520073CCE002B6F1E = {
			isa = PBXGroup;
			children = (
				50A72BE62007688F002B6F1E /* Default-568h@2x.png */,
				50A72BB020073CCE002B6F1E /* VK-ObjC-project-BMV */,
				50A72BD720073CCE002B6F1E /* VK-ObjC-project-BMVUITests */,
				50A72BAF20073CCE002B6F1E /* Products */,
				3B1811F9C5CD5867D3ECB471 /* Pods */,
				B2B6B2F1065736BD3799977D /* Frameworks */,
			);
			sourceTree = "<group>";
		};
		50A72BAF20073CCE002B6F1E /* Products */ = {
			isa = PBXGroup;
			children = (
				50A72BAE20073CCE002B6F1E /* VK-ObjC-project-BMV.app */,
				50A72BC920073CCE002B6F1E /* VK-ObjC-project-BMVTests.xctest */,
				50A72BD420073CCE002B6F1E /* VK-ObjC-project-BMVUITests.xctest */,
			);
			name = Products;
			sourceTree = "<group>";
		};
		50A72BB020073CCE002B6F1E /* VK-ObjC-project-BMV */ = {
			isa = PBXGroup;
			children = (
				506AB82C20247B7A0025E610 /* Services */,
				506AB829202467EB0025E610 /* FriendsController */,
				506AB82B2024682E0025E610 /* PhotosController */,
				50ED241320244FCE00DA6213 /* BMVAuthorizationController */,
				504828522017792F00A09786 /* CoreData */,
				50A72BB120073CCE002B6F1E /* AppDelegate.h */,
				50A72BB220073CCE002B6F1E /* AppDelegate.m */,
				50A72BBD20073CCE002B6F1E /* Assets.xcassets */,
				50A72BC220073CCE002B6F1E /* Info.plist */,
				50A72BC320073CCE002B6F1E /* main.m */,
				50A72BBA20073CCE002B6F1E /* VK_ObjC_project_BMV.xcdatamodeld */,
				50A72BCC20073CCE002B6F1E /* VK-ObjC-project-BMVTests */,
			);
			path = "VK-ObjC-project-BMV";
			sourceTree = "<group>";
		};
		50A72BCC20073CCE002B6F1E /* VK-ObjC-project-BMVTests */ = {
			isa = PBXGroup;
			children = (
				50A72BCD20073CCE002B6F1E /* VK_ObjC_project_BMVTests.m */,
				50A72BCF20073CCE002B6F1E /* Info.plist */,
			);
			path = "VK-ObjC-project-BMVTests";
			sourceTree = "<group>";
		};
		50A72BD720073CCE002B6F1E /* VK-ObjC-project-BMVUITests */ = {
			isa = PBXGroup;
			children = (
				50A72BD820073CCE002B6F1E /* VK_ObjC_project_BMVUITests.m */,
				50A72BDA20073CCE002B6F1E /* Info.plist */,
			);
			path = "VK-ObjC-project-BMVUITests";
			sourceTree = "<group>";
		};
		50ED241320244FCE00DA6213 /* BMVAuthorizationController */ = {
			isa = PBXGroup;
			children = (
				50A72BE920078325002B6F1E /* VKLoginViewController.h */,
				50A72BEA20078325002B6F1E /* VKLoginViewController.m */,
				50BB5F53202C83C400AD2585 /* BMVParsingTokenString.h */,
				50BB5F54202C83C400AD2585 /* BMVParsingTokenString.m */,
				50A72BED200783DF002B6F1E /* BMVVkTokenModel.h */,
				50A72BEE200783DF002B6F1E /* BMVVkTokenModel.m */,
			);
			path = BMVAuthorizationController;
			sourceTree = "<group>";
		};
		B2B6B2F1065736BD3799977D /* Frameworks */ = {
			isa = PBXGroup;
			children = (
				E68FE70C2D69263F7CC1F380 /* libPods-VK-ObjC-project-BMV.a */,
				AAA2506277F2A76BCBF7884A /* libPods-VK-ObjC-project-BMVTests.a */,
				56D70E2D42C8F3635EA5A436 /* libPods-VK-ObjC-project-BMVUITests.a */,
			);
			name = Frameworks;
			sourceTree = "<group>";
		};
/* End PBXGroup section */

/* Begin PBXNativeTarget section */
		50A72BAD20073CCE002B6F1E /* VK-ObjC-project-BMV */ = {
			isa = PBXNativeTarget;
			buildConfigurationList = 50A72BDD20073CCE002B6F1E /* Build configuration list for PBXNativeTarget "VK-ObjC-project-BMV" */;
			buildPhases = (
				4940BD140514316A3407633B /* [CP] Check Pods Manifest.lock */,
				50A72BAA20073CCE002B6F1E /* Sources */,
				50A72BAB20073CCE002B6F1E /* Frameworks */,
				50A72BAC20073CCE002B6F1E /* Resources */,
				FB8BFFADE14F4E5030982F21 /* [CP] Embed Pods Frameworks */,
				EA2812991DF21FC47792AEE4 /* [CP] Copy Pods Resources */,
			);
			buildRules = (
			);
			dependencies = (
			);
			name = "VK-ObjC-project-BMV";
			productName = "VK-ObjC-project-BMV";
			productReference = 50A72BAE20073CCE002B6F1E /* VK-ObjC-project-BMV.app */;
			productType = "com.apple.product-type.application";
		};
		50A72BC820073CCE002B6F1E /* VK-ObjC-project-BMVTests */ = {
			isa = PBXNativeTarget;
			buildConfigurationList = 50A72BE020073CCE002B6F1E /* Build configuration list for PBXNativeTarget "VK-ObjC-project-BMVTests" */;
			buildPhases = (
				59DC96AB9E7C98F6793039C8 /* [CP] Check Pods Manifest.lock */,
				50A72BC520073CCE002B6F1E /* Sources */,
				50A72BC620073CCE002B6F1E /* Frameworks */,
				50A72BC720073CCE002B6F1E /* Resources */,
				8488CFD7514E5FA51A6F6A5E /* [CP] Embed Pods Frameworks */,
				5435B2E3D485D44040BBCD2A /* [CP] Copy Pods Resources */,
			);
			buildRules = (
			);
			dependencies = (
				50A72BCB20073CCE002B6F1E /* PBXTargetDependency */,
			);
			name = "VK-ObjC-project-BMVTests";
			productName = "VK-ObjC-project-BMVTests";
			productReference = 50A72BC920073CCE002B6F1E /* VK-ObjC-project-BMVTests.xctest */;
			productType = "com.apple.product-type.bundle.unit-test";
		};
		50A72BD320073CCE002B6F1E /* VK-ObjC-project-BMVUITests */ = {
			isa = PBXNativeTarget;
			buildConfigurationList = 50A72BE320073CCE002B6F1E /* Build configuration list for PBXNativeTarget "VK-ObjC-project-BMVUITests" */;
			buildPhases = (
				E4E24FF43562AE79E928F8AB /* [CP] Check Pods Manifest.lock */,
				50A72BD020073CCE002B6F1E /* Sources */,
				50A72BD120073CCE002B6F1E /* Frameworks */,
				50A72BD220073CCE002B6F1E /* Resources */,
				9E13D9CAC2E2F1E8BBA04B2A /* [CP] Embed Pods Frameworks */,
				C3ACAA43EE6EB89D9FCAD8A2 /* [CP] Copy Pods Resources */,
			);
			buildRules = (
			);
			dependencies = (
				50A72BD620073CCE002B6F1E /* PBXTargetDependency */,
			);
			name = "VK-ObjC-project-BMVUITests";
			productName = "VK-ObjC-project-BMVUITests";
			productReference = 50A72BD420073CCE002B6F1E /* VK-ObjC-project-BMVUITests.xctest */;
			productType = "com.apple.product-type.bundle.ui-testing";
		};
/* End PBXNativeTarget section */

/* Begin PBXProject section */
		50A72BA620073CCE002B6F1E /* Project object */ = {
			isa = PBXProject;
			attributes = {
				LastUpgradeCheck = 0920;
				ORGANIZATIONNAME = "Maksim Bakharev";
				TargetAttributes = {
					50A72BAD20073CCE002B6F1E = {
						CreatedOnToolsVersion = 9.2;
						ProvisioningStyle = Automatic;
					};
					50A72BC820073CCE002B6F1E = {
						CreatedOnToolsVersion = 9.2;
						ProvisioningStyle = Automatic;
						TestTargetID = 50A72BAD20073CCE002B6F1E;
					};
					50A72BD320073CCE002B6F1E = {
						CreatedOnToolsVersion = 9.2;
						ProvisioningStyle = Automatic;
						TestTargetID = 50A72BAD20073CCE002B6F1E;
					};
				};
			};
			buildConfigurationList = 50A72BA920073CCE002B6F1E /* Build configuration list for PBXProject "VK-ObjC-project-BMV" */;
			compatibilityVersion = "Xcode 8.0";
			developmentRegion = en;
			hasScannedForEncodings = 0;
			knownRegions = (
				en,
				Base,
			);
			mainGroup = 50A72BA520073CCE002B6F1E;
			productRefGroup = 50A72BAF20073CCE002B6F1E /* Products */;
			projectDirPath = "";
			projectRoot = "";
			targets = (
				50A72BAD20073CCE002B6F1E /* VK-ObjC-project-BMV */,
				50A72BC820073CCE002B6F1E /* VK-ObjC-project-BMVTests */,
				50A72BD320073CCE002B6F1E /* VK-ObjC-project-BMVUITests */,
			);
		};
/* End PBXProject section */

/* Begin PBXResourcesBuildPhase section */
		50A72BAC20073CCE002B6F1E /* Resources */ = {
			isa = PBXResourcesBuildPhase;
			buildActionMask = 2147483647;
			files = (
				50A72BBE20073CCE002B6F1E /* Assets.xcassets in Resources */,
				50A72BE72007688F002B6F1E /* Default-568h@2x.png in Resources */,
			);
			runOnlyForDeploymentPostprocessing = 0;
		};
		50A72BC720073CCE002B6F1E /* Resources */ = {
			isa = PBXResourcesBuildPhase;
			buildActionMask = 2147483647;
			files = (
			);
			runOnlyForDeploymentPostprocessing = 0;
		};
		50A72BD220073CCE002B6F1E /* Resources */ = {
			isa = PBXResourcesBuildPhase;
			buildActionMask = 2147483647;
			files = (
			);
			runOnlyForDeploymentPostprocessing = 0;
		};
/* End PBXResourcesBuildPhase section */

/* Begin PBXShellScriptBuildPhase section */
		4940BD140514316A3407633B /* [CP] Check Pods Manifest.lock */ = {
			isa = PBXShellScriptBuildPhase;
			buildActionMask = 2147483647;
			files = (
			);
			inputPaths = (
				"${PODS_PODFILE_DIR_PATH}/Podfile.lock",
				"${PODS_ROOT}/Manifest.lock",
			);
			name = "[CP] Check Pods Manifest.lock";
			outputPaths = (
				"$(DERIVED_FILE_DIR)/Pods-VK-ObjC-project-BMV-checkManifestLockResult.txt",
			);
			runOnlyForDeploymentPostprocessing = 0;
			shellPath = /bin/sh;
			shellScript = "diff \"${PODS_PODFILE_DIR_PATH}/Podfile.lock\" \"${PODS_ROOT}/Manifest.lock\" > /dev/null\nif [ $? != 0 ] ; then\n    # print error to STDERR\n    echo \"error: The sandbox is not in sync with the Podfile.lock. Run 'pod install' or update your CocoaPods installation.\" >&2\n    exit 1\nfi\n# This output is used by Xcode 'outputs' to avoid re-running this script phase.\necho \"SUCCESS\" > \"${SCRIPT_OUTPUT_FILE_0}\"\n";
			showEnvVarsInLog = 0;
		};
		5435B2E3D485D44040BBCD2A /* [CP] Copy Pods Resources */ = {
			isa = PBXShellScriptBuildPhase;
			buildActionMask = 2147483647;
			files = (
			);
			inputPaths = (
			);
			name = "[CP] Copy Pods Resources";
			outputPaths = (
			);
			runOnlyForDeploymentPostprocessing = 0;
			shellPath = /bin/sh;
			shellScript = "\"${SRCROOT}/Pods/Target Support Files/Pods-VK-ObjC-project-BMVTests/Pods-VK-ObjC-project-BMVTests-resources.sh\"\n";
			showEnvVarsInLog = 0;
		};
		59DC96AB9E7C98F6793039C8 /* [CP] Check Pods Manifest.lock */ = {
			isa = PBXShellScriptBuildPhase;
			buildActionMask = 2147483647;
			files = (
			);
			inputPaths = (
				"${PODS_PODFILE_DIR_PATH}/Podfile.lock",
				"${PODS_ROOT}/Manifest.lock",
			);
			name = "[CP] Check Pods Manifest.lock";
			outputPaths = (
				"$(DERIVED_FILE_DIR)/Pods-VK-ObjC-project-BMVTests-checkManifestLockResult.txt",
			);
			runOnlyForDeploymentPostprocessing = 0;
			shellPath = /bin/sh;
			shellScript = "diff \"${PODS_PODFILE_DIR_PATH}/Podfile.lock\" \"${PODS_ROOT}/Manifest.lock\" > /dev/null\nif [ $? != 0 ] ; then\n    # print error to STDERR\n    echo \"error: The sandbox is not in sync with the Podfile.lock. Run 'pod install' or update your CocoaPods installation.\" >&2\n    exit 1\nfi\n# This output is used by Xcode 'outputs' to avoid re-running this script phase.\necho \"SUCCESS\" > \"${SCRIPT_OUTPUT_FILE_0}\"\n";
			showEnvVarsInLog = 0;
		};
		8488CFD7514E5FA51A6F6A5E /* [CP] Embed Pods Frameworks */ = {
			isa = PBXShellScriptBuildPhase;
			buildActionMask = 2147483647;
			files = (
			);
			inputPaths = (
			);
			name = "[CP] Embed Pods Frameworks";
			outputPaths = (
			);
			runOnlyForDeploymentPostprocessing = 0;
			shellPath = /bin/sh;
			shellScript = "\"${SRCROOT}/Pods/Target Support Files/Pods-VK-ObjC-project-BMVTests/Pods-VK-ObjC-project-BMVTests-frameworks.sh\"\n";
			showEnvVarsInLog = 0;
		};
		9E13D9CAC2E2F1E8BBA04B2A /* [CP] Embed Pods Frameworks */ = {
			isa = PBXShellScriptBuildPhase;
			buildActionMask = 2147483647;
			files = (
			);
			inputPaths = (
			);
			name = "[CP] Embed Pods Frameworks";
			outputPaths = (
			);
			runOnlyForDeploymentPostprocessing = 0;
			shellPath = /bin/sh;
			shellScript = "\"${SRCROOT}/Pods/Target Support Files/Pods-VK-ObjC-project-BMVUITests/Pods-VK-ObjC-project-BMVUITests-frameworks.sh\"\n";
			showEnvVarsInLog = 0;
		};
		C3ACAA43EE6EB89D9FCAD8A2 /* [CP] Copy Pods Resources */ = {
			isa = PBXShellScriptBuildPhase;
			buildActionMask = 2147483647;
			files = (
			);
			inputPaths = (
			);
			name = "[CP] Copy Pods Resources";
			outputPaths = (
			);
			runOnlyForDeploymentPostprocessing = 0;
			shellPath = /bin/sh;
			shellScript = "\"${SRCROOT}/Pods/Target Support Files/Pods-VK-ObjC-project-BMVUITests/Pods-VK-ObjC-project-BMVUITests-resources.sh\"\n";
			showEnvVarsInLog = 0;
		};
		E4E24FF43562AE79E928F8AB /* [CP] Check Pods Manifest.lock */ = {
			isa = PBXShellScriptBuildPhase;
			buildActionMask = 2147483647;
			files = (
			);
			inputPaths = (
				"${PODS_PODFILE_DIR_PATH}/Podfile.lock",
				"${PODS_ROOT}/Manifest.lock",
			);
			name = "[CP] Check Pods Manifest.lock";
			outputPaths = (
				"$(DERIVED_FILE_DIR)/Pods-VK-ObjC-project-BMVUITests-checkManifestLockResult.txt",
			);
			runOnlyForDeploymentPostprocessing = 0;
			shellPath = /bin/sh;
			shellScript = "diff \"${PODS_PODFILE_DIR_PATH}/Podfile.lock\" \"${PODS_ROOT}/Manifest.lock\" > /dev/null\nif [ $? != 0 ] ; then\n    # print error to STDERR\n    echo \"error: The sandbox is not in sync with the Podfile.lock. Run 'pod install' or update your CocoaPods installation.\" >&2\n    exit 1\nfi\n# This output is used by Xcode 'outputs' to avoid re-running this script phase.\necho \"SUCCESS\" > \"${SCRIPT_OUTPUT_FILE_0}\"\n";
			showEnvVarsInLog = 0;
		};
		EA2812991DF21FC47792AEE4 /* [CP] Copy Pods Resources */ = {
			isa = PBXShellScriptBuildPhase;
			buildActionMask = 2147483647;
			files = (
			);
			inputPaths = (
			);
			name = "[CP] Copy Pods Resources";
			outputPaths = (
			);
			runOnlyForDeploymentPostprocessing = 0;
			shellPath = /bin/sh;
			shellScript = "\"${SRCROOT}/Pods/Target Support Files/Pods-VK-ObjC-project-BMV/Pods-VK-ObjC-project-BMV-resources.sh\"\n";
			showEnvVarsInLog = 0;
		};
		FB8BFFADE14F4E5030982F21 /* [CP] Embed Pods Frameworks */ = {
			isa = PBXShellScriptBuildPhase;
			buildActionMask = 2147483647;
			files = (
			);
			inputPaths = (
			);
			name = "[CP] Embed Pods Frameworks";
			outputPaths = (
			);
			runOnlyForDeploymentPostprocessing = 0;
			shellPath = /bin/sh;
			shellScript = "\"${SRCROOT}/Pods/Target Support Files/Pods-VK-ObjC-project-BMV/Pods-VK-ObjC-project-BMV-frameworks.sh\"\n";
			showEnvVarsInLog = 0;
		};
/* End PBXShellScriptBuildPhase section */

/* Begin PBXSourcesBuildPhase section */
		50A72BAA20073CCE002B6F1E /* Sources */ = {
			isa = PBXSourcesBuildPhase;
			buildActionMask = 2147483647;
			files = (
				500ACEB3201E636400EFE52F /* BMVvkPhotosCollectionViewCell.m in Sources */,
				50A72BEF200783DF002B6F1E /* BMVVkTokenModel.m in Sources */,
				5082C8282028746700474F0F /* VKFriend+CoreDataProperties.m in Sources */,
				50BB5F55202C83C400AD2585 /* BMVParsingTokenString.m in Sources */,
				50A72BF22007978D002B6F1E /* VKFriendsViewController.m in Sources */,
				50C4A19C20288AB4008A932E /* BMVCoreDataDownloadFunnel.m in Sources */,
				5082C8292028746700474F0F /* VKFriend+CoreDataClass.m in Sources */,
				50A72BB320073CCE002B6F1E /* AppDelegate.m in Sources */,
				50B3FF9C20266883005DE6E8 /* BMVDownloadDataService.m in Sources */,
				50B3FFA5202675FE005DE6E8 /* BMVParsingJSONFriends.m in Sources */,
				50A72BEB20078325002B6F1E /* VKLoginViewController.m in Sources */,
				50A72BC420073CCE002B6F1E /* main.m in Sources */,
				50B3FFA820267A00005DE6E8 /* BMVParsingJSONPhotots.m in Sources */,
				5082C823202858BF00474F0F /* BMVCoreDataService.m in Sources */,
				50648A69201CFD1F007EB756 /* BMVVkPhotoModel.m in Sources */,
				5039956C200BF255009E0161 /* BMVVkUserModel.m in Sources */,
				50B3FFA220266E24005DE6E8 /* BMVBuilderURLPhotos.m in Sources */,
				50B3FF9F20266A9F005DE6E8 /* BMVBuilderURLFriend.m in Sources */,
				50A72BBC20073CCE002B6F1E /* VK_ObjC_project_BMV.xcdatamodeld in Sources */,
				500ACEB6201E69CC00EFE52F /* BMVvkAllFriendPhotoCollectionView.m in Sources */,
				505A1051200CC83000B8C17D /* VKFriendsTableViewCell.m in Sources */,
			);
			runOnlyForDeploymentPostprocessing = 0;
		};
		50A72BC520073CCE002B6F1E /* Sources */ = {
			isa = PBXSourcesBuildPhase;
			buildActionMask = 2147483647;
			files = (
				50A72BCE20073CCE002B6F1E /* VK_ObjC_project_BMVTests.m in Sources */,
			);
			runOnlyForDeploymentPostprocessing = 0;
		};
		50A72BD020073CCE002B6F1E /* Sources */ = {
			isa = PBXSourcesBuildPhase;
			buildActionMask = 2147483647;
			files = (
				50A72BD920073CCE002B6F1E /* VK_ObjC_project_BMVUITests.m in Sources */,
			);
			runOnlyForDeploymentPostprocessing = 0;
		};
/* End PBXSourcesBuildPhase section */

/* Begin PBXTargetDependency section */
		50A72BCB20073CCE002B6F1E /* PBXTargetDependency */ = {
			isa = PBXTargetDependency;
			target = 50A72BAD20073CCE002B6F1E /* VK-ObjC-project-BMV */;
			targetProxy = 50A72BCA20073CCE002B6F1E /* PBXContainerItemProxy */;
		};
		50A72BD620073CCE002B6F1E /* PBXTargetDependency */ = {
			isa = PBXTargetDependency;
			target = 50A72BAD20073CCE002B6F1E /* VK-ObjC-project-BMV */;
			targetProxy = 50A72BD520073CCE002B6F1E /* PBXContainerItemProxy */;
		};
/* End PBXTargetDependency section */

/* Begin XCBuildConfiguration section */
		50A72BDB20073CCE002B6F1E /* Debug */ = {
			isa = XCBuildConfiguration;
			buildSettings = {
				ALWAYS_SEARCH_USER_PATHS = NO;
				CLANG_ANALYZER_NONNULL = YES;
				CLANG_ANALYZER_NUMBER_OBJECT_CONVERSION = YES_AGGRESSIVE;
				CLANG_CXX_LANGUAGE_STANDARD = "gnu++14";
				CLANG_CXX_LIBRARY = "libc++";
				CLANG_ENABLE_MODULES = YES;
				CLANG_ENABLE_OBJC_ARC = YES;
				CLANG_WARN_BLOCK_CAPTURE_AUTORELEASING = YES;
				CLANG_WARN_BOOL_CONVERSION = YES;
				CLANG_WARN_COMMA = YES;
				CLANG_WARN_CONSTANT_CONVERSION = YES;
				CLANG_WARN_DIRECT_OBJC_ISA_USAGE = YES_ERROR;
				CLANG_WARN_DOCUMENTATION_COMMENTS = YES;
				CLANG_WARN_EMPTY_BODY = YES;
				CLANG_WARN_ENUM_CONVERSION = YES;
				CLANG_WARN_INFINITE_RECURSION = YES;
				CLANG_WARN_INT_CONVERSION = YES;
				CLANG_WARN_NON_LITERAL_NULL_CONVERSION = YES;
				CLANG_WARN_OBJC_LITERAL_CONVERSION = YES;
				CLANG_WARN_OBJC_ROOT_CLASS = YES_ERROR;
				CLANG_WARN_RANGE_LOOP_ANALYSIS = YES;
				CLANG_WARN_STRICT_PROTOTYPES = YES;
				CLANG_WARN_SUSPICIOUS_MOVE = YES;
				CLANG_WARN_UNGUARDED_AVAILABILITY = YES_AGGRESSIVE;
				CLANG_WARN_UNREACHABLE_CODE = YES;
				CLANG_WARN__DUPLICATE_METHOD_MATCH = YES;
				CODE_SIGN_IDENTITY = "iPhone Developer";
				COPY_PHASE_STRIP = NO;
				DEBUG_INFORMATION_FORMAT = dwarf;
				ENABLE_STRICT_OBJC_MSGSEND = YES;
				ENABLE_TESTABILITY = YES;
				GCC_C_LANGUAGE_STANDARD = gnu11;
				GCC_DYNAMIC_NO_PIC = NO;
				GCC_NO_COMMON_BLOCKS = YES;
				GCC_OPTIMIZATION_LEVEL = 0;
				GCC_PREPROCESSOR_DEFINITIONS = (
					"DEBUG=1",
					"$(inherited)",
				);
				GCC_WARN_64_TO_32_BIT_CONVERSION = YES;
				GCC_WARN_ABOUT_RETURN_TYPE = YES_ERROR;
				GCC_WARN_UNDECLARED_SELECTOR = YES;
				GCC_WARN_UNINITIALIZED_AUTOS = YES_AGGRESSIVE;
				GCC_WARN_UNUSED_FUNCTION = YES;
				GCC_WARN_UNUSED_VARIABLE = YES;
				IPHONEOS_DEPLOYMENT_TARGET = 11.2;
				MTL_ENABLE_DEBUG_INFO = YES;
				ONLY_ACTIVE_ARCH = YES;
				SDKROOT = iphoneos;
			};
			name = Debug;
		};
		50A72BDC20073CCE002B6F1E /* Release */ = {
			isa = XCBuildConfiguration;
			buildSettings = {
				ALWAYS_SEARCH_USER_PATHS = NO;
				CLANG_ANALYZER_NONNULL = YES;
				CLANG_ANALYZER_NUMBER_OBJECT_CONVERSION = YES_AGGRESSIVE;
				CLANG_CXX_LANGUAGE_STANDARD = "gnu++14";
				CLANG_CXX_LIBRARY = "libc++";
				CLANG_ENABLE_MODULES = YES;
				CLANG_ENABLE_OBJC_ARC = YES;
				CLANG_WARN_BLOCK_CAPTURE_AUTORELEASING = YES;
				CLANG_WARN_BOOL_CONVERSION = YES;
				CLANG_WARN_COMMA = YES;
				CLANG_WARN_CONSTANT_CONVERSION = YES;
				CLANG_WARN_DIRECT_OBJC_ISA_USAGE = YES_ERROR;
				CLANG_WARN_DOCUMENTATION_COMMENTS = YES;
				CLANG_WARN_EMPTY_BODY = YES;
				CLANG_WARN_ENUM_CONVERSION = YES;
				CLANG_WARN_INFINITE_RECURSION = YES;
				CLANG_WARN_INT_CONVERSION = YES;
				CLANG_WARN_NON_LITERAL_NULL_CONVERSION = YES;
				CLANG_WARN_OBJC_LITERAL_CONVERSION = YES;
				CLANG_WARN_OBJC_ROOT_CLASS = YES_ERROR;
				CLANG_WARN_RANGE_LOOP_ANALYSIS = YES;
				CLANG_WARN_STRICT_PROTOTYPES = YES;
				CLANG_WARN_SUSPICIOUS_MOVE = YES;
				CLANG_WARN_UNGUARDED_AVAILABILITY = YES_AGGRESSIVE;
				CLANG_WARN_UNREACHABLE_CODE = YES;
				CLANG_WARN__DUPLICATE_METHOD_MATCH = YES;
				CODE_SIGN_IDENTITY = "iPhone Developer";
				COPY_PHASE_STRIP = NO;
				DEBUG_INFORMATION_FORMAT = "dwarf-with-dsym";
				ENABLE_NS_ASSERTIONS = NO;
				ENABLE_STRICT_OBJC_MSGSEND = YES;
				GCC_C_LANGUAGE_STANDARD = gnu11;
				GCC_NO_COMMON_BLOCKS = YES;
				GCC_WARN_64_TO_32_BIT_CONVERSION = YES;
				GCC_WARN_ABOUT_RETURN_TYPE = YES_ERROR;
				GCC_WARN_UNDECLARED_SELECTOR = YES;
				GCC_WARN_UNINITIALIZED_AUTOS = YES_AGGRESSIVE;
				GCC_WARN_UNUSED_FUNCTION = YES;
				GCC_WARN_UNUSED_VARIABLE = YES;
				IPHONEOS_DEPLOYMENT_TARGET = 11.2;
				MTL_ENABLE_DEBUG_INFO = NO;
				SDKROOT = iphoneos;
				VALIDATE_PRODUCT = YES;
			};
			name = Release;
		};
		50A72BDE20073CCE002B6F1E /* Debug */ = {
			isa = XCBuildConfiguration;
			baseConfigurationReference = 1BA96DC773E13431F1F72E5D /* Pods-VK-ObjC-project-BMV.debug.xcconfig */;
			buildSettings = {
				ASSETCATALOG_COMPILER_APPICON_NAME = AppIcon;
				CODE_SIGN_STYLE = Automatic;
				INFOPLIST_FILE = "VK-ObjC-project-BMV/Info.plist";
				LD_RUNPATH_SEARCH_PATHS = "$(inherited) @executable_path/Frameworks";
				PRODUCT_BUNDLE_IDENTIFIER = "Maksim-Bakharev.VK-ObjC-project-BMV";
				PRODUCT_NAME = "$(TARGET_NAME)";
				TARGETED_DEVICE_FAMILY = 1;
			};
			name = Debug;
		};
		50A72BDF20073CCE002B6F1E /* Release */ = {
			isa = XCBuildConfiguration;
			baseConfigurationReference = 4F68DC8F40008E37B7EDD085 /* Pods-VK-ObjC-project-BMV.release.xcconfig */;
			buildSettings = {
				ASSETCATALOG_COMPILER_APPICON_NAME = AppIcon;
				CODE_SIGN_STYLE = Automatic;
				INFOPLIST_FILE = "VK-ObjC-project-BMV/Info.plist";
				LD_RUNPATH_SEARCH_PATHS = "$(inherited) @executable_path/Frameworks";
				PRODUCT_BUNDLE_IDENTIFIER = "Maksim-Bakharev.VK-ObjC-project-BMV";
				PRODUCT_NAME = "$(TARGET_NAME)";
				TARGETED_DEVICE_FAMILY = 1;
			};
			name = Release;
		};
		50A72BE120073CCE002B6F1E /* Debug */ = {
			isa = XCBuildConfiguration;
			baseConfigurationReference = 0CD0AE4339994DE6BC5C02CF /* Pods-VK-ObjC-project-BMVTests.debug.xcconfig */;
			buildSettings = {
				BUNDLE_LOADER = "$(TEST_HOST)";
				CODE_SIGN_STYLE = Automatic;
				INFOPLIST_FILE = "VK-ObjC-project-BMVTests/Info.plist";
				LD_RUNPATH_SEARCH_PATHS = "$(inherited) @executable_path/Frameworks @loader_path/Frameworks";
				PRODUCT_BUNDLE_IDENTIFIER = "Maksim-Bakharev.VK-ObjC-project-BMVTests";
				PRODUCT_NAME = "$(TARGET_NAME)";
				TARGETED_DEVICE_FAMILY = "1,2";
				TEST_HOST = "$(BUILT_PRODUCTS_DIR)/VK-ObjC-project-BMV.app/VK-ObjC-project-BMV";
			};
			name = Debug;
		};
		50A72BE220073CCE002B6F1E /* Release */ = {
			isa = XCBuildConfiguration;
			baseConfigurationReference = 1EB4D31884EC63379AEAA03D /* Pods-VK-ObjC-project-BMVTests.release.xcconfig */;
			buildSettings = {
				BUNDLE_LOADER = "$(TEST_HOST)";
				CODE_SIGN_STYLE = Automatic;
				INFOPLIST_FILE = "VK-ObjC-project-BMVTests/Info.plist";
				LD_RUNPATH_SEARCH_PATHS = "$(inherited) @executable_path/Frameworks @loader_path/Frameworks";
				PRODUCT_BUNDLE_IDENTIFIER = "Maksim-Bakharev.VK-ObjC-project-BMVTests";
				PRODUCT_NAME = "$(TARGET_NAME)";
				TARGETED_DEVICE_FAMILY = "1,2";
				TEST_HOST = "$(BUILT_PRODUCTS_DIR)/VK-ObjC-project-BMV.app/VK-ObjC-project-BMV";
			};
			name = Release;
		};
		50A72BE420073CCE002B6F1E /* Debug */ = {
			isa = XCBuildConfiguration;
			baseConfigurationReference = 87A84E38A27F92B82EE7F444 /* Pods-VK-ObjC-project-BMVUITests.debug.xcconfig */;
			buildSettings = {
				CODE_SIGN_STYLE = Automatic;
				INFOPLIST_FILE = "VK-ObjC-project-BMVUITests/Info.plist";
				LD_RUNPATH_SEARCH_PATHS = "$(inherited) @executable_path/Frameworks @loader_path/Frameworks";
				PRODUCT_BUNDLE_IDENTIFIER = "Maksim-Bakharev.VK-ObjC-project-BMVUITests";
				PRODUCT_NAME = "$(TARGET_NAME)";
				TARGETED_DEVICE_FAMILY = "1,2";
				TEST_TARGET_NAME = "VK-ObjC-project-BMV";
			};
			name = Debug;
		};
		50A72BE520073CCE002B6F1E /* Release */ = {
			isa = XCBuildConfiguration;
			baseConfigurationReference = E7E859FA7066EE4248B0821F /* Pods-VK-ObjC-project-BMVUITests.release.xcconfig */;
			buildSettings = {
				CODE_SIGN_STYLE = Automatic;
				INFOPLIST_FILE = "VK-ObjC-project-BMVUITests/Info.plist";
				LD_RUNPATH_SEARCH_PATHS = "$(inherited) @executable_path/Frameworks @loader_path/Frameworks";
				PRODUCT_BUNDLE_IDENTIFIER = "Maksim-Bakharev.VK-ObjC-project-BMVUITests";
				PRODUCT_NAME = "$(TARGET_NAME)";
				TARGETED_DEVICE_FAMILY = "1,2";
				TEST_TARGET_NAME = "VK-ObjC-project-BMV";
			};
			name = Release;
		};
/* End XCBuildConfiguration section */

/* Begin XCConfigurationList section */
		50A72BA920073CCE002B6F1E /* Build configuration list for PBXProject "VK-ObjC-project-BMV" */ = {
			isa = XCConfigurationList;
			buildConfigurations = (
				50A72BDB20073CCE002B6F1E /* Debug */,
				50A72BDC20073CCE002B6F1E /* Release */,
			);
			defaultConfigurationIsVisible = 0;
			defaultConfigurationName = Release;
		};
		50A72BDD20073CCE002B6F1E /* Build configuration list for PBXNativeTarget "VK-ObjC-project-BMV" */ = {
			isa = XCConfigurationList;
			buildConfigurations = (
				50A72BDE20073CCE002B6F1E /* Debug */,
				50A72BDF20073CCE002B6F1E /* Release */,
			);
			defaultConfigurationIsVisible = 0;
			defaultConfigurationName = Release;
		};
		50A72BE020073CCE002B6F1E /* Build configuration list for PBXNativeTarget "VK-ObjC-project-BMVTests" */ = {
			isa = XCConfigurationList;
			buildConfigurations = (
				50A72BE120073CCE002B6F1E /* Debug */,
				50A72BE220073CCE002B6F1E /* Release */,
			);
			defaultConfigurationIsVisible = 0;
			defaultConfigurationName = Release;
		};
		50A72BE320073CCE002B6F1E /* Build configuration list for PBXNativeTarget "VK-ObjC-project-BMVUITests" */ = {
			isa = XCConfigurationList;
			buildConfigurations = (
				50A72BE420073CCE002B6F1E /* Debug */,
				50A72BE520073CCE002B6F1E /* Release */,
			);
			defaultConfigurationIsVisible = 0;
			defaultConfigurationName = Release;
		};
/* End XCConfigurationList section */

/* Begin XCVersionGroup section */
		50A72BBA20073CCE002B6F1E /* VK_ObjC_project_BMV.xcdatamodeld */ = {
			isa = XCVersionGroup;
			children = (
				50A72BBB20073CCE002B6F1E /* VK_ObjC_project_BMV.xcdatamodel */,
			);
			currentVersion = 50A72BBB20073CCE002B6F1E /* VK_ObjC_project_BMV.xcdatamodel */;
			path = VK_ObjC_project_BMV.xcdatamodeld;
			sourceTree = "<group>";
			versionGroupType = wrapper.xcdatamodel;
		};
/* End XCVersionGroup section */
	};
	rootObject = 50A72BA620073CCE002B6F1E /* Project object */;
}
